
Microsoft Visual Studio Solution File, Format Version 12.00
# Visual Studio Version 16
VisualStudioVersion = 16.0.30611.23
MinimumVisualStudioVersion = 10.0.40219.1
Project("{9A19103F-16F7-4668-BE54-9A1E7A4F7556}") = "FindJob", "FindJob\FindJob.csproj", "{EE2B5690-C3FB-49F5-950E-2F6B2C15A82E}"
EndProject
Global
	GlobalSection(SolutionConfigurationPlatforms) = preSolution
		Debug|Any CPU = Debug|Any CPU
		Release|Any CPU = Release|Any CPU
	EndGlobalSection
	GlobalSection(ProjectConfigurationPlatforms) = postSolution
		{EE2B5690-C3FB-49F5-950E-2F6B2C15A82E}.Debug|Any CPU.ActiveCfg = Debug|Any CPU
		{EE2B5690-C3FB-49F5-950E-2F6B2C15A82E}.Debug|Any CPU.Build.0 = Debug|Any CPU
		{EE2B5690-C3FB-49F5-950E-2F6B2C15A82E}.Release|Any CPU.ActiveCfg = Release|Any CPU
		{EE2B5690-C3FB-49F5-950E-2F6B2C15A82E}.Release|Any CPU.Build.0 = Release|Any CPU
	EndGlobalSection
	GlobalSection(SolutionProperties) = preSolution
		HideSolutionNode = FALSE
	EndGlobalSection
	GlobalSection(ExtensibilityGlobals) = postSolution
		SolutionGuid = {AC812A8E-A3B1-4079-B052-44C635D54CC4}
	EndGlobalSection
EndGlobal
